
Microsoft Visual Studio Solution File, Format Version 12.00
# Visual Studio 15
VisualStudioVersion = 15.0.28307.271
MinimumVisualStudioVersion = 10.0.40219.1
Project("{FAE04EC0-301F-11D3-BF4B-00C04F79EFBC}") = "RestoAPI", "RestoAPI\RestoAPI.csproj", "{7B354BBE-EBDF-4B86-8A8F-7A94E12A7A62}"
EndProject
Project("{FAE04EC0-301F-11D3-BF4B-00C04F79EFBC}") = "RestoRepo", "RestoRepo\RestoRepo.csproj", "{D588181C-21AA-4B2F-96C0-1D5570CF68F4}"
EndProject
Global
	GlobalSection(SolutionConfigurationPlatforms) = preSolution
		Debug|Any CPU = Debug|Any CPU
		Release|Any CPU = Release|Any CPU
	EndGlobalSection
	GlobalSection(ProjectConfigurationPlatforms) = postSolution
		{7B354BBE-EBDF-4B86-8A8F-7A94E12A7A62}.Debug|Any CPU.ActiveCfg = Debug|Any CPU
		{7B354BBE-EBDF-4B86-8A8F-7A94E12A7A62}.Debug|Any CPU.Build.0 = Debug|Any CPU
		{7B354BBE-EBDF-4B86-8A8F-7A94E12A7A62}.Release|Any CPU.ActiveCfg = Release|Any CPU
		{7B354BBE-EBDF-4B86-8A8F-7A94E12A7A62}.Release|Any CPU.Build.0 = Release|Any CPU
		{D588181C-21AA-4B2F-96C0-1D5570CF68F4}.Debug|Any CPU.ActiveCfg = Debug|Any CPU
		{D588181C-21AA-4B2F-96C0-1D5570CF68F4}.Debug|Any CPU.Build.0 = Debug|Any CPU
		{D588181C-21AA-4B2F-96C0-1D5570CF68F4}.Release|Any CPU.ActiveCfg = Release|Any CPU
		{D588181C-21AA-4B2F-96C0-1D5570CF68F4}.Release|Any CPU.Build.0 = Release|Any CPU
	EndGlobalSection
	GlobalSection(SolutionProperties) = preSolution
		HideSolutionNode = FALSE
	EndGlobalSection
	GlobalSection(ExtensibilityGlobals) = postSolution
		SolutionGuid = {6BBA233E-EC1B-4C90-A4AE-C82CD43A9314}
	EndGlobalSection
EndGlobal
